
Microsoft Visual Studio Solution File, Format Version 12.00
# Visual Studio Version 16
VisualStudioVersion = 16.0.30114.105
MinimumVisualStudioVersion = 10.0.40219.1
Project("{FAE04EC0-301F-11D3-BF4B-00C04F79EFBC}") = "Penguin.Cms.Logging.Local", "Penguin.Cms.Logging.Local.csproj", "{C8BCA491-74B7-404B-B240-FC939BD26A9D}"
EndProject
Project("{FAE04EC0-301F-11D3-BF4B-00C04F79EFBC}") = "Penguin.Cms.Errors.Local", "..\Penguin.Cms.Errors\Penguin.Cms.Errors.Local.csproj", "{BEAE5DA4-D385-4AFB-A6E2-BD966548444D}"
EndProject
Project("{FAE04EC0-301F-11D3-BF4B-00C04F79EFBC}") = "Penguin.Auditing.Abstractions.Local", "..\Penguin.Auditing.Abstractions\Penguin.Auditing.Abstractions.Local.csproj", "{5B4B8215-6ECF-406E-83CC-87A920A79F5D}"
EndProject
Project("{FAE04EC0-301F-11D3-BF4B-00C04F79EFBC}") = "Penguin.Extensions.Exceptions.Local", "..\Penguin.Extensions.Exceptions\Penguin.Extensions.Exceptions.Local.csproj", "{4E3BFDCD-4454-418A-BD7A-7430FBF1396F}"
EndProject
Project("{FAE04EC0-301F-11D3-BF4B-00C04F79EFBC}") = "Penguin.Cms.Entities.Local", "..\Penguin.Cms.Entities\Penguin.Cms.Entities.Local.csproj", "{4DEC093A-1A03-4A2A-976D-089891B79860}"
EndProject
Project("{FAE04EC0-301F-11D3-BF4B-00C04F79EFBC}") = "Penguin.Persistence.Abstractions.Local", "..\Penguin.Persistence.Abstractions\Penguin.Persistence.Abstractions.Local.csproj", "{9CA8A935-E2CE-4B40-8CD7-C33A857BC2C9}"
EndProject
Project("{FAE04EC0-301F-11D3-BF4B-00C04F79EFBC}") = "Penguin.Entities.Abstractions.Local", "..\Penguin.Entities.Abstractions\Penguin.Entities.Abstractions.Local.csproj", "{CE3EA1F1-249B-446F-83B6-04F809269DCA}"
EndProject
Project("{FAE04EC0-301F-11D3-BF4B-00C04F79EFBC}") = "Penguin.Reflection.Extensions.Local", "..\Penguin.Reflection.Extensions\Penguin.Reflection.Extensions.Local.csproj", "{6B25A486-288E-4EC5-ADC0-DD509781FCBC}"
EndProject
Project("{FAE04EC0-301F-11D3-BF4B-00C04F79EFBC}") = "Penguin.Reflection.Abstractions.Local", "..\Penguin.Reflection.Abstractions\Penguin.Reflection.Abstractions.Local.csproj", "{F7BD7998-9CA2-49A6-A785-A87150A67192}"
EndProject
Project("{FAE04EC0-301F-11D3-BF4B-00C04F79EFBC}") = "Penguin.Extensions.String.Local", "..\Penguin.Extensions.String\Penguin.Extensions.String.Local.csproj", "{AA41CD81-962F-4312-AE7F-19CE2FE3F7B2}"
EndProject
Project("{FAE04EC0-301F-11D3-BF4B-00C04F79EFBC}") = "Penguin.Messaging.Logging.Local", "..\Penguin.Messaging.Logging\Penguin.Messaging.Logging.Local.csproj", "{4619C1BB-D2C3-48BA-94B7-EDAE28FECFF7}"
EndProject
Project("{FAE04EC0-301F-11D3-BF4B-00C04F79EFBC}") = "Penguin.Messaging.Core.Local", "..\Penguin.Messaging.Core\Penguin.Messaging.Core.Local.csproj", "{525485E6-B371-4537-A1A9-A333CCA95D9A}"
EndProject
Project("{FAE04EC0-301F-11D3-BF4B-00C04F79EFBC}") = "Penguin.Messaging.Abstractions.Local", "..\Penguin.Messaging.Abstractions\Penguin.Messaging.Abstractions.Local.csproj", "{621D68A1-A6BC-4CE3-A7BA-DC06ED6F8423}"
EndProject
Project("{FAE04EC0-301F-11D3-BF4B-00C04F79EFBC}") = "Penguin.Debugging.Local", "..\Penguin.Debugging\Penguin.Debugging.Local.csproj", "{86DA112B-7A1F-4347-B08C-90AC639B81B7}"
EndProject
Global
	GlobalSection(SolutionConfigurationPlatforms) = preSolution
		Debug|Any CPU = Debug|Any CPU
		Debug|x64 = Debug|x64
		Debug|x86 = Debug|x86
		Release|Any CPU = Release|Any CPU
		Release|x64 = Release|x64
		Release|x86 = Release|x86
	EndGlobalSection
	GlobalSection(SolutionProperties) = preSolution
		HideSolutionNode = FALSE
	EndGlobalSection
	GlobalSection(ProjectConfigurationPlatforms) = postSolution
		{C8BCA491-74B7-404B-B240-FC939BD26A9D}.Debug|Any CPU.ActiveCfg = Debug|Any CPU
		{C8BCA491-74B7-404B-B240-FC939BD26A9D}.Debug|Any CPU.Build.0 = Debug|Any CPU
		{C8BCA491-74B7-404B-B240-FC939BD26A9D}.Debug|x64.ActiveCfg = Debug|Any CPU
		{C8BCA491-74B7-404B-B240-FC939BD26A9D}.Debug|x64.Build.0 = Debug|Any CPU
		{C8BCA491-74B7-404B-B240-FC939BD26A9D}.Debug|x86.ActiveCfg = Debug|Any CPU
		{C8BCA491-74B7-404B-B240-FC939BD26A9D}.Debug|x86.Build.0 = Debug|Any CPU
		{C8BCA491-74B7-404B-B240-FC939BD26A9D}.Release|Any CPU.ActiveCfg = Release|Any CPU
		{C8BCA491-74B7-404B-B240-FC939BD26A9D}.Release|Any CPU.Build.0 = Release|Any CPU
		{C8BCA491-74B7-404B-B240-FC939BD26A9D}.Release|x64.ActiveCfg = Release|Any CPU
		{C8BCA491-74B7-404B-B240-FC939BD26A9D}.Release|x64.Build.0 = Release|Any CPU
		{C8BCA491-74B7-404B-B240-FC939BD26A9D}.Release|x86.ActiveCfg = Release|Any CPU
		{C8BCA491-74B7-404B-B240-FC939BD26A9D}.Release|x86.Build.0 = Release|Any CPU
		{BEAE5DA4-D385-4AFB-A6E2-BD966548444D}.Debug|Any CPU.ActiveCfg = Debug|Any CPU
		{BEAE5DA4-D385-4AFB-A6E2-BD966548444D}.Debug|Any CPU.Build.0 = Debug|Any CPU
		{BEAE5DA4-D385-4AFB-A6E2-BD966548444D}.Debug|x64.ActiveCfg = Debug|Any CPU
		{BEAE5DA4-D385-4AFB-A6E2-BD966548444D}.Debug|x64.Build.0 = Debug|Any CPU
		{BEAE5DA4-D385-4AFB-A6E2-BD966548444D}.Debug|x86.ActiveCfg = Debug|Any CPU
		{BEAE5DA4-D385-4AFB-A6E2-BD966548444D}.Debug|x86.Build.0 = Debug|Any CPU
		{BEAE5DA4-D385-4AFB-A6E2-BD966548444D}.Release|Any CPU.ActiveCfg = Release|Any CPU
		{BEAE5DA4-D385-4AFB-A6E2-BD966548444D}.Release|Any CPU.Build.0 = Release|Any CPU
		{BEAE5DA4-D385-4AFB-A6E2-BD966548444D}.Release|x64.ActiveCfg = Release|Any CPU
		{BEAE5DA4-D385-4AFB-A6E2-BD966548444D}.Release|x64.Build.0 = Release|Any CPU
		{BEAE5DA4-D385-4AFB-A6E2-BD966548444D}.Release|x86.ActiveCfg = Release|Any CPU
		{BEAE5DA4-D385-4AFB-A6E2-BD966548444D}.Release|x86.Build.0 = Release|Any CPU
		{5B4B8215-6ECF-406E-83CC-87A920A79F5D}.Debug|Any CPU.ActiveCfg = Debug|Any CPU
		{5B4B8215-6ECF-406E-83CC-87A920A79F5D}.Debug|Any CPU.Build.0 = Debug|Any CPU
		{5B4B8215-6ECF-406E-83CC-87A920A79F5D}.Debug|x64.ActiveCfg = Debug|Any CPU
		{5B4B8215-6ECF-406E-83CC-87A920A79F5D}.Debug|x64.Build.0 = Debug|Any CPU
		{5B4B8215-6ECF-406E-83CC-87A920A79F5D}.Debug|x86.ActiveCfg = Debug|Any CPU
		{5B4B8215-6ECF-406E-83CC-87A920A79F5D}.Debug|x86.Build.0 = Debug|Any CPU
		{5B4B8215-6ECF-406E-83CC-87A920A79F5D}.Release|Any CPU.ActiveCfg = Release|Any CPU
		{5B4B8215-6ECF-406E-83CC-87A920A79F5D}.Release|Any CPU.Build.0 = Release|Any CPU
		{5B4B8215-6ECF-406E-83CC-87A920A79F5D}.Release|x64.ActiveCfg = Release|Any CPU
		{5B4B8215-6ECF-406E-83CC-87A920A79F5D}.Release|x64.Build.0 = Release|Any CPU
		{5B4B8215-6ECF-406E-83CC-87A920A79F5D}.Release|x86.ActiveCfg = Release|Any CPU
		{5B4B8215-6ECF-406E-83CC-87A920A79F5D}.Release|x86.Build.0 = Release|Any CPU
		{4E3BFDCD-4454-418A-BD7A-7430FBF1396F}.Debug|Any CPU.ActiveCfg = Debug|Any CPU
		{4E3BFDCD-4454-418A-BD7A-7430FBF1396F}.Debug|Any CPU.Build.0 = Debug|Any CPU
		{4E3BFDCD-4454-418A-BD7A-7430FBF1396F}.Debug|x64.ActiveCfg = Debug|Any CPU
		{4E3BFDCD-4454-418A-BD7A-7430FBF1396F}.Debug|x64.Build.0 = Debug|Any CPU
		{4E3BFDCD-4454-418A-BD7A-7430FBF1396F}.Debug|x86.ActiveCfg = Debug|Any CPU
		{4E3BFDCD-4454-418A-BD7A-7430FBF1396F}.Debug|x86.Build.0 = Debug|Any CPU
		{4E3BFDCD-4454-418A-BD7A-7430FBF1396F}.Release|Any CPU.ActiveCfg = Release|Any CPU
		{4E3BFDCD-4454-418A-BD7A-7430FBF1396F}.Release|Any CPU.Build.0 = Release|Any CPU
		{4E3BFDCD-4454-418A-BD7A-7430FBF1396F}.Release|x64.ActiveCfg = Release|Any CPU
		{4E3BFDCD-4454-418A-BD7A-7430FBF1396F}.Release|x64.Build.0 = Release|Any CPU
		{4E3BFDCD-4454-418A-BD7A-7430FBF1396F}.Release|x86.ActiveCfg = Release|Any CPU
		{4E3BFDCD-4454-418A-BD7A-7430FBF1396F}.Release|x86.Build.0 = Release|Any CPU
		{4DEC093A-1A03-4A2A-976D-089891B79860}.Debug|Any CPU.ActiveCfg = Debug|Any CPU
		{4DEC093A-1A03-4A2A-976D-089891B79860}.Debug|Any CPU.Build.0 = Debug|Any CPU
		{4DEC093A-1A03-4A2A-976D-089891B79860}.Debug|x64.ActiveCfg = Debug|Any CPU
		{4DEC093A-1A03-4A2A-976D-089891B79860}.Debug|x64.Build.0 = Debug|Any CPU
		{4DEC093A-1A03-4A2A-976D-089891B79860}.Debug|x86.ActiveCfg = Debug|Any CPU
		{4DEC093A-1A03-4A2A-976D-089891B79860}.Debug|x86.Build.0 = Debug|Any CPU
		{4DEC093A-1A03-4A2A-976D-089891B79860}.Release|Any CPU.ActiveCfg = Release|Any CPU
		{4DEC093A-1A03-4A2A-976D-089891B79860}.Release|Any CPU.Build.0 = Release|Any CPU
		{4DEC093A-1A03-4A2A-976D-089891B79860}.Release|x64.ActiveCfg = Release|Any CPU
		{4DEC093A-1A03-4A2A-976D-089891B79860}.Release|x64.Build.0 = Release|Any CPU
		{4DEC093A-1A03-4A2A-976D-089891B79860}.Release|x86.ActiveCfg = Release|Any CPU
		{4DEC093A-1A03-4A2A-976D-089891B79860}.Release|x86.Build.0 = Release|Any CPU
		{9CA8A935-E2CE-4B40-8CD7-C33A857BC2C9}.Debug|Any CPU.ActiveCfg = Debug|Any CPU
		{9CA8A935-E2CE-4B40-8CD7-C33A857BC2C9}.Debug|Any CPU.Build.0 = Debug|Any CPU
		{9CA8A935-E2CE-4B40-8CD7-C33A857BC2C9}.Debug|x64.ActiveCfg = Debug|Any CPU
		{9CA8A935-E2CE-4B40-8CD7-C33A857BC2C9}.Debug|x64.Build.0 = Debug|Any CPU
		{9CA8A935-E2CE-4B40-8CD7-C33A857BC2C9}.Debug|x86.ActiveCfg = Debug|Any CPU
		{9CA8A935-E2CE-4B40-8CD7-C33A857BC2C9}.Debug|x86.Build.0 = Debug|Any CPU
		{9CA8A935-E2CE-4B40-8CD7-C33A857BC2C9}.Release|Any CPU.ActiveCfg = Release|Any CPU
		{9CA8A935-E2CE-4B40-8CD7-C33A857BC2C9}.Release|Any CPU.Build.0 = Release|Any CPU
		{9CA8A935-E2CE-4B40-8CD7-C33A857BC2C9}.Release|x64.ActiveCfg = Release|Any CPU
		{9CA8A935-E2CE-4B40-8CD7-C33A857BC2C9}.Release|x64.Build.0 = Release|Any CPU
		{9CA8A935-E2CE-4B40-8CD7-C33A857BC2C9}.Release|x86.ActiveCfg = Release|Any CPU
		{9CA8A935-E2CE-4B40-8CD7-C33A857BC2C9}.Release|x86.Build.0 = Release|Any CPU
		{CE3EA1F1-249B-446F-83B6-04F809269DCA}.Debug|Any CPU.ActiveCfg = Debug|Any CPU
		{CE3EA1F1-249B-446F-83B6-04F809269DCA}.Debug|Any CPU.Build.0 = Debug|Any CPU
		{CE3EA1F1-249B-446F-83B6-04F809269DCA}.Debug|x64.ActiveCfg = Debug|Any CPU
		{CE3EA1F1-249B-446F-83B6-04F809269DCA}.Debug|x64.Build.0 = Debug|Any CPU
		{CE3EA1F1-249B-446F-83B6-04F809269DCA}.Debug|x86.ActiveCfg = Debug|Any CPU
		{CE3EA1F1-249B-446F-83B6-04F809269DCA}.Debug|x86.Build.0 = Debug|Any CPU
		{CE3EA1F1-249B-446F-83B6-04F809269DCA}.Release|Any CPU.ActiveCfg = Release|Any CPU
		{CE3EA1F1-249B-446F-83B6-04F809269DCA}.Release|Any CPU.Build.0 = Release|Any CPU
		{CE3EA1F1-249B-446F-83B6-04F809269DCA}.Release|x64.ActiveCfg = Release|Any CPU
		{CE3EA1F1-249B-446F-83B6-04F809269DCA}.Release|x64.Build.0 = Release|Any CPU
		{CE3EA1F1-249B-446F-83B6-04F809269DCA}.Release|x86.ActiveCfg = Release|Any CPU
		{CE3EA1F1-249B-446F-83B6-04F809269DCA}.Release|x86.Build.0 = Release|Any CPU
		{6B25A486-288E-4EC5-ADC0-DD509781FCBC}.Debug|Any CPU.ActiveCfg = Debug|Any CPU
		{6B25A486-288E-4EC5-ADC0-DD509781FCBC}.Debug|Any CPU.Build.0 = Debug|Any CPU
		{6B25A486-288E-4EC5-ADC0-DD509781FCBC}.Debug|x64.ActiveCfg = Debug|Any CPU
		{6B25A486-288E-4EC5-ADC0-DD509781FCBC}.Debug|x64.Build.0 = Debug|Any CPU
		{6B25A486-288E-4EC5-ADC0-DD509781FCBC}.Debug|x86.ActiveCfg = Debug|Any CPU
		{6B25A486-288E-4EC5-ADC0-DD509781FCBC}.Debug|x86.Build.0 = Debug|Any CPU
		{6B25A486-288E-4EC5-ADC0-DD509781FCBC}.Release|Any CPU.ActiveCfg = Release|Any CPU
		{6B25A486-288E-4EC5-ADC0-DD509781FCBC}.Release|Any CPU.Build.0 = Release|Any CPU
		{6B25A486-288E-4EC5-ADC0-DD509781FCBC}.Release|x64.ActiveCfg = Release|Any CPU
		{6B25A486-288E-4EC5-ADC0-DD509781FCBC}.Release|x64.Build.0 = Release|Any CPU
		{6B25A486-288E-4EC5-ADC0-DD509781FCBC}.Release|x86.ActiveCfg = Release|Any CPU
		{6B25A486-288E-4EC5-ADC0-DD509781FCBC}.Release|x86.Build.0 = Release|Any CPU
		{F7BD7998-9CA2-49A6-A785-A87150A67192}.Debug|Any CPU.ActiveCfg = Debug|Any CPU
		{F7BD7998-9CA2-49A6-A785-A87150A67192}.Debug|Any CPU.Build.0 = Debug|Any CPU
		{F7BD7998-9CA2-49A6-A785-A87150A67192}.Debug|x64.ActiveCfg = Debug|Any CPU
		{F7BD7998-9CA2-49A6-A785-A87150A67192}.Debug|x64.Build.0 = Debug|Any CPU
		{F7BD7998-9CA2-49A6-A785-A87150A67192}.Debug|x86.ActiveCfg = Debug|Any CPU
		{F7BD7998-9CA2-49A6-A785-A87150A67192}.Debug|x86.Build.0 = Debug|Any CPU
		{F7BD7998-9CA2-49A6-A785-A87150A67192}.Release|Any CPU.ActiveCfg = Release|Any CPU
		{F7BD7998-9CA2-49A6-A785-A87150A67192}.Release|Any CPU.Build.0 = Release|Any CPU
		{F7BD7998-9CA2-49A6-A785-A87150A67192}.Release|x64.ActiveCfg = Release|Any CPU
		{F7BD7998-9CA2-49A6-A785-A87150A67192}.Release|x64.Build.0 = Release|Any CPU
		{F7BD7998-9CA2-49A6-A785-A87150A67192}.Release|x86.ActiveCfg = Release|Any CPU
		{F7BD7998-9CA2-49A6-A785-A87150A67192}.Release|x86.Build.0 = Release|Any CPU
		{AA41CD81-962F-4312-AE7F-19CE2FE3F7B2}.Debug|Any CPU.ActiveCfg = Debug|Any CPU
		{AA41CD81-962F-4312-AE7F-19CE2FE3F7B2}.Debug|Any CPU.Build.0 = Debug|Any CPU
		{AA41CD81-962F-4312-AE7F-19CE2FE3F7B2}.Debug|x64.ActiveCfg = Debug|Any CPU
		{AA41CD81-962F-4312-AE7F-19CE2FE3F7B2}.Debug|x64.Build.0 = Debug|Any CPU
		{AA41CD81-962F-4312-AE7F-19CE2FE3F7B2}.Debug|x86.ActiveCfg = Debug|Any CPU
		{AA41CD81-962F-4312-AE7F-19CE2FE3F7B2}.Debug|x86.Build.0 = Debug|Any CPU
		{AA41CD81-962F-4312-AE7F-19CE2FE3F7B2}.Release|Any CPU.ActiveCfg = Release|Any CPU
		{AA41CD81-962F-4312-AE7F-19CE2FE3F7B2}.Release|Any CPU.Build.0 = Release|Any CPU
		{AA41CD81-962F-4312-AE7F-19CE2FE3F7B2}.Release|x64.ActiveCfg = Release|Any CPU
		{AA41CD81-962F-4312-AE7F-19CE2FE3F7B2}.Release|x64.Build.0 = Release|Any CPU
		{AA41CD81-962F-4312-AE7F-19CE2FE3F7B2}.Release|x86.ActiveCfg = Release|Any CPU
		{AA41CD81-962F-4312-AE7F-19CE2FE3F7B2}.Release|x86.Build.0 = Release|Any CPU
		{4619C1BB-D2C3-48BA-94B7-EDAE28FECFF7}.Debug|Any CPU.ActiveCfg = Debug|Any CPU
		{4619C1BB-D2C3-48BA-94B7-EDAE28FECFF7}.Debug|Any CPU.Build.0 = Debug|Any CPU
		{4619C1BB-D2C3-48BA-94B7-EDAE28FECFF7}.Debug|x64.ActiveCfg = Debug|Any CPU
		{4619C1BB-D2C3-48BA-94B7-EDAE28FECFF7}.Debug|x64.Build.0 = Debug|Any CPU
		{4619C1BB-D2C3-48BA-94B7-EDAE28FECFF7}.Debug|x86.ActiveCfg = Debug|Any CPU
		{4619C1BB-D2C3-48BA-94B7-EDAE28FECFF7}.Debug|x86.Build.0 = Debug|Any CPU
		{4619C1BB-D2C3-48BA-94B7-EDAE28FECFF7}.Release|Any CPU.ActiveCfg = Release|Any CPU
		{4619C1BB-D2C3-48BA-94B7-EDAE28FECFF7}.Release|Any CPU.Build.0 = Release|Any CPU
		{4619C1BB-D2C3-48BA-94B7-EDAE28FECFF7}.Release|x64.ActiveCfg = Release|Any CPU
		{4619C1BB-D2C3-48BA-94B7-EDAE28FECFF7}.Release|x64.Build.0 = Release|Any CPU
		{4619C1BB-D2C3-48BA-94B7-EDAE28FECFF7}.Release|x86.ActiveCfg = Release|Any CPU
		{4619C1BB-D2C3-48BA-94B7-EDAE28FECFF7}.Release|x86.Build.0 = Release|Any CPU
		{525485E6-B371-4537-A1A9-A333CCA95D9A}.Debug|Any CPU.ActiveCfg = Debug|Any CPU
		{525485E6-B371-4537-A1A9-A333CCA95D9A}.Debug|Any CPU.Build.0 = Debug|Any CPU
		{525485E6-B371-4537-A1A9-A333CCA95D9A}.Debug|x64.ActiveCfg = Debug|Any CPU
		{525485E6-B371-4537-A1A9-A333CCA95D9A}.Debug|x64.Build.0 = Debug|Any CPU
		{525485E6-B371-4537-A1A9-A333CCA95D9A}.Debug|x86.ActiveCfg = Debug|Any CPU
		{525485E6-B371-4537-A1A9-A333CCA95D9A}.Debug|x86.Build.0 = Debug|Any CPU
		{525485E6-B371-4537-A1A9-A333CCA95D9A}.Release|Any CPU.ActiveCfg = Release|Any CPU
		{525485E6-B371-4537-A1A9-A333CCA95D9A}.Release|Any CPU.Build.0 = Release|Any CPU
		{525485E6-B371-4537-A1A9-A333CCA95D9A}.Release|x64.ActiveCfg = Release|Any CPU
		{525485E6-B371-4537-A1A9-A333CCA95D9A}.Release|x64.Build.0 = Release|Any CPU
		{525485E6-B371-4537-A1A9-A333CCA95D9A}.Release|x86.ActiveCfg = Release|Any CPU
		{525485E6-B371-4537-A1A9-A333CCA95D9A}.Release|x86.Build.0 = Release|Any CPU
		{621D68A1-A6BC-4CE3-A7BA-DC06ED6F8423}.Debug|Any CPU.ActiveCfg = Debug|Any CPU
		{621D68A1-A6BC-4CE3-A7BA-DC06ED6F8423}.Debug|Any CPU.Build.0 = Debug|Any CPU
		{621D68A1-A6BC-4CE3-A7BA-DC06ED6F8423}.Debug|x64.ActiveCfg = Debug|Any CPU
		{621D68A1-A6BC-4CE3-A7BA-DC06ED6F8423}.Debug|x64.Build.0 = Debug|Any CPU
		{621D68A1-A6BC-4CE3-A7BA-DC06ED6F8423}.Debug|x86.ActiveCfg = Debug|Any CPU
		{621D68A1-A6BC-4CE3-A7BA-DC06ED6F8423}.Debug|x86.Build.0 = Debug|Any CPU
		{621D68A1-A6BC-4CE3-A7BA-DC06ED6F8423}.Release|Any CPU.ActiveCfg = Release|Any CPU
		{621D68A1-A6BC-4CE3-A7BA-DC06ED6F8423}.Release|Any CPU.Build.0 = Release|Any CPU
		{621D68A1-A6BC-4CE3-A7BA-DC06ED6F8423}.Release|x64.ActiveCfg = Release|Any CPU
		{621D68A1-A6BC-4CE3-A7BA-DC06ED6F8423}.Release|x64.Build.0 = Release|Any CPU
		{621D68A1-A6BC-4CE3-A7BA-DC06ED6F8423}.Release|x86.ActiveCfg = Release|Any CPU
		{621D68A1-A6BC-4CE3-A7BA-DC06ED6F8423}.Release|x86.Build.0 = Release|Any CPU
		{86DA112B-7A1F-4347-B08C-90AC639B81B7}.Debug|Any CPU.ActiveCfg = Debug|Any CPU
		{86DA112B-7A1F-4347-B08C-90AC639B81B7}.Debug|Any CPU.Build.0 = Debug|Any CPU
		{86DA112B-7A1F-4347-B08C-90AC639B81B7}.Debug|x64.ActiveCfg = Debug|Any CPU
		{86DA112B-7A1F-4347-B08C-90AC639B81B7}.Debug|x64.Build.0 = Debug|Any CPU
		{86DA112B-7A1F-4347-B08C-90AC639B81B7}.Debug|x86.ActiveCfg = Debug|Any CPU
		{86DA112B-7A1F-4347-B08C-90AC639B81B7}.Debug|x86.Build.0 = Debug|Any CPU
		{86DA112B-7A1F-4347-B08C-90AC639B81B7}.Release|Any CPU.ActiveCfg = Release|Any CPU
		{86DA112B-7A1F-4347-B08C-90AC639B81B7}.Release|Any CPU.Build.0 = Release|Any CPU
		{86DA112B-7A1F-4347-B08C-90AC639B81B7}.Release|x64.ActiveCfg = Release|Any CPU
		{86DA112B-7A1F-4347-B08C-90AC639B81B7}.Release|x64.Build.0 = Release|Any CPU
		{86DA112B-7A1F-4347-B08C-90AC639B81B7}.Release|x86.ActiveCfg = Release|Any CPU
		{86DA112B-7A1F-4347-B08C-90AC639B81B7}.Release|x86.Build.0 = Release|Any CPU
	EndGlobalSection
EndGlobal
